
Microsoft Visual Studio Solution File, Format Version 12.00
# Visual Studio 15
VisualStudioVersion = 15.0.26430.16
MinimumVisualStudioVersion = 10.0.40219.1
Project("{FAE04EC0-301F-11D3-BF4B-00C04F79EFBC}") = "FeisWork", "FeisWork\FeisWork.csproj", "{F509A11F-5764-4938-861F-9A0B6371959A}"
EndProject
Global
	GlobalSection(SolutionConfigurationPlatforms) = preSolution
		Debug|Any CPU = Debug|Any CPU
		Release|Any CPU = Release|Any CPU
	EndGlobalSection
	GlobalSection(ProjectConfigurationPlatforms) = postSolution
		{F509A11F-5764-4938-861F-9A0B6371959A}.Debug|Any CPU.ActiveCfg = Debug|Any CPU
		{F509A11F-5764-4938-861F-9A0B6371959A}.Debug|Any CPU.Build.0 = Debug|Any CPU
		{F509A11F-5764-4938-861F-9A0B6371959A}.Release|Any CPU.ActiveCfg = Release|Any CPU
		{F509A11F-5764-4938-861F-9A0B6371959A}.Release|Any CPU.Build.0 = Release|Any CPU
	EndGlobalSection
	GlobalSection(SolutionProperties) = preSolution
		HideSolutionNode = FALSE
	EndGlobalSection
EndGlobal
